
Microsoft Visual Studio Solution File, Format Version 12.00
# Visual Studio Version 17
VisualStudioVersion = 17.9.34526.213
MinimumVisualStudioVersion = 10.0.40219.1
Project("{FAE04EC0-301F-11D3-BF4B-00C04F79EFBC}") = "lab4", "lab4.csproj", "{09FF3C72-CB40-4643-9DBE-EAF09460500C}"
EndProject
Project("{FAE04EC0-301F-11D3-BF4B-00C04F79EFBC}") = "lab4.1", "..\lab4.1\lab4.1.csproj", "{A19762F8-9D92-4AFE-B83F-16727F3DE1BF}"
EndProject
Global
	GlobalSection(SolutionConfigurationPlatforms) = preSolution
		Debug|Any CPU = Debug|Any CPU
		Release|Any CPU = Release|Any CPU
	EndGlobalSection
	GlobalSection(ProjectConfigurationPlatforms) = postSolution
		{09FF3C72-CB40-4643-9DBE-EAF09460500C}.Debug|Any CPU.ActiveCfg = Debug|Any CPU
		{09FF3C72-CB40-4643-9DBE-EAF09460500C}.Debug|Any CPU.Build.0 = Debug|Any CPU
		{09FF3C72-CB40-4643-9DBE-EAF09460500C}.Release|Any CPU.ActiveCfg = Release|Any CPU
		{09FF3C72-CB40-4643-9DBE-EAF09460500C}.Release|Any CPU.Build.0 = Release|Any CPU
		{A19762F8-9D92-4AFE-B83F-16727F3DE1BF}.Debug|Any CPU.ActiveCfg = Debug|Any CPU
		{A19762F8-9D92-4AFE-B83F-16727F3DE1BF}.Debug|Any CPU.Build.0 = Debug|Any CPU
		{A19762F8-9D92-4AFE-B83F-16727F3DE1BF}.Release|Any CPU.ActiveCfg = Release|Any CPU
		{A19762F8-9D92-4AFE-B83F-16727F3DE1BF}.Release|Any CPU.Build.0 = Release|Any CPU
	EndGlobalSection
	GlobalSection(SolutionProperties) = preSolution
		HideSolutionNode = FALSE
	EndGlobalSection
	GlobalSection(ExtensibilityGlobals) = postSolution
		SolutionGuid = {D106341A-8362-490A-A8DB-85CF6AE80692}
	EndGlobalSection
EndGlobal
